
Microsoft Visual Studio Solution File, Format Version 12.00
# Visual Studio 15
VisualStudioVersion = 15.0.27130.2036
MinimumVisualStudioVersion = 10.0.40219.1
Project("{FAE04EC0-301F-11D3-BF4B-00C04F79EFBC}") = "Profilowanie Geofizyczne WForms", "Profilowanie Geofizyczne WForms\Profilowanie Geofizyczne WForms.csproj", "{DF22520D-D805-4789-982D-CEA67738AEAA}"
EndProject
Global
	GlobalSection(SolutionConfigurationPlatforms) = preSolution
		Debug|Any CPU = Debug|Any CPU
		Release|Any CPU = Release|Any CPU
	EndGlobalSection
	GlobalSection(ProjectConfigurationPlatforms) = postSolution
		{DF22520D-D805-4789-982D-CEA67738AEAA}.Debug|Any CPU.ActiveCfg = Debug|Any CPU
		{DF22520D-D805-4789-982D-CEA67738AEAA}.Debug|Any CPU.Build.0 = Debug|Any CPU
		{DF22520D-D805-4789-982D-CEA67738AEAA}.Release|Any CPU.ActiveCfg = Release|Any CPU
		{DF22520D-D805-4789-982D-CEA67738AEAA}.Release|Any CPU.Build.0 = Release|Any CPU
	EndGlobalSection
	GlobalSection(SolutionProperties) = preSolution
		HideSolutionNode = FALSE
	EndGlobalSection
	GlobalSection(ExtensibilityGlobals) = postSolution
		SolutionGuid = {73BA2EFD-1E43-4D39-8077-30D0B919560D}
	EndGlobalSection
EndGlobal
